
Microsoft Visual Studio Solution File, Format Version 12.00
# Visual Studio Version 17
VisualStudioVersion = 17.11.35017.193
MinimumVisualStudioVersion = 10.0.40219.1
Project("{9A19103F-16F7-4668-BE54-9A1E7A4F7556}") = "XmlMinify", "XmlMinify.csproj", "{0B6F5D19-A129-4197-B52E-14CA2C398E98}"
EndProject
Global
	GlobalSection(SolutionConfigurationPlatforms) = preSolution
		Debug|Any CPU = Debug|Any CPU
		Release|Any CPU = Release|Any CPU
	EndGlobalSection
	GlobalSection(ProjectConfigurationPlatforms) = postSolution
		{0B6F5D19-A129-4197-B52E-14CA2C398E98}.Debug|Any CPU.ActiveCfg = Debug|Any CPU
		{0B6F5D19-A129-4197-B52E-14CA2C398E98}.Debug|Any CPU.Build.0 = Debug|Any CPU
		{0B6F5D19-A129-4197-B52E-14CA2C398E98}.Release|Any CPU.ActiveCfg = Release|Any CPU
		{0B6F5D19-A129-4197-B52E-14CA2C398E98}.Release|Any CPU.Build.0 = Release|Any CPU
	EndGlobalSection
	GlobalSection(SolutionProperties) = preSolution
		HideSolutionNode = FALSE
	EndGlobalSection
	GlobalSection(ExtensibilityGlobals) = postSolution
		SolutionGuid = {CCF6466C-799F-4196-9111-D367784D8942}
	EndGlobalSection
EndGlobal
